{
  "version": 1,
  "dependencies": {
    "net9.0": {
      "coverlet.collector": {
        "type": "Direct",
        "requested": "[6.0.2, )",
        "resolved": "6.0.2",
        "contentHash": "bJShQ6uWRTQ100ZeyiMqcFlhP7WJ+bCuabUs885dJiBEzMsJMSFr7BOyeCw4rgvQokteGi5rKQTlkhfQPUXg2A=="
      },
      "Microsoft.AspNetCore.Mvc.Testing": {
        "type": "Direct",
        "requested": "[9.0.20, )",
        "resolved": "9.0.20",
        "contentHash": "D7kHFUCQe60QT6ab+N6r6qNFHLlwOSCqb8zBd3N38GCZaRhTJAakgN//DV/geUna3gjEMHq4tXVpLQqtHUyf5g==",
        "dependencies": {
          "Microsoft.AspNetCore.TestHost": "9.0.20",
          "Microsoft.Extensions.DependencyModel": "9.0.20",
          "Microsoft.Extensions.Hosting": "9.0.20"
        }
      },
      "Microsoft.NET.Test.Sdk": {
        "type": "Direct",
        "requested": "[17.12.0, )",
        "resolved": "17.12.0",
        "contentHash": "kt/PKBZ91rFCWxVIJZSgVLk+YR+4KxTuHf799ho8WNiK5ZQpJNAEZCAWX86vcKrs+DiYjiibpYKdGZP6+/N17w==",
        "dependencies": {
          "Microsoft.CodeCoverage": "17.12.0",
          "Microsoft.TestPlatform.TestHost": "17.12.0"
        }
      },
      "xunit": {
        "type": "Direct",
        "requested": "[2.9.2, )",
        "resolved": "2.9.2",
        "contentHash": "7LhFS2N9Z6Xgg8aE5lY95cneYivRMfRI8v+4PATa4S64D5Z/Plkg0qa8dTRHSiGRgVZ/CL2gEfJDE5AUhOX+2Q==",
        "dependencies": {
          "xunit.analyzers": "1.16.0",
          "xunit.assert": "2.9.2",
          "xunit.core": "[2.9.2]"
        }
      },
      "xunit.runner.visualstudio": {
        "type": "Direct",
        "requested": "[2.8.2, )",
        "resolved": "2.8.2",
        "contentHash": "vm1tbfXhFmjFMUmS4M0J0ASXz3/U5XvXBa6DOQUL3fEz4Vt6YPhv+ESCarx6M6D+9kJkJYZKCNvJMas1+nVfmQ=="
      },
      "Microsoft.AspNetCore.TestHost": {
        "type": "Transitive",
        "resolved": "9.0.20",
        "contentHash": "dhm9XyhRX0rZqR3m8Uj1pL88xy+dSPKAlvuewE51YzYa7HHUXGp8IPKy3iBHswty8t86e1T1MKILkI6U7MWSzw=="
      },
      "Microsoft.CodeCoverage": {
        "type": "Transitive",
        "resolved": "17.12.0",
        "contentHash": "4svMznBd5JM21JIG2xZKGNanAHNXplxf/kQDFfLHXQ3OnpJkayRK/TjacFjA+EYmoyuNXHo/sOETEfcYtAzIrA=="
      },
      "Microsoft.Data.Sqlite.Core": {
        "type": "Transitive",
        "resolved": "9.0.20",
        "contentHash": "fh7kGdTZ/3UGydwTFTuCgMQ/JFkkjYrOEU/195ITmp9kddjn0FCNEusAi4XDxOnZ0QiHG6azpgjVjrSxvfPdjw==",
        "dependencies": {
          "SQLitePCLRaw.core": "2.1.12"
        }
      },
      "Microsoft.EntityFrameworkCore": {
        "type": "Transitive",
        "resolved": "9.0.20",
        "contentHash": "52/3+48fTVcVQopie1SZLLenAuyrG0Enr1eAEbw05b22dl6nbC8V0UHLFknodJOrVcqdYR1Pf6FMbNvvWuhB5A==",
        "dependencies": {
          "Microsoft.EntityFrameworkCore.Abstractions": "9.0.20",
          "Microsoft.EntityFrameworkCore.Analyzers": "9.0.20",
          "Microsoft.Extensions.Caching.Memory": "9.0.20",
          "Microsoft.Extensions.Logging": "9.0.20"
        }
      },
      "Microsoft.EntityFrameworkCore.Abstractions": {
        "type": "Transitive",
        "resolved": "9.0.20",
        "contentHash": "ity/Y3MG2hAxK/na+9vp0XQ6kDDwZ8thJfCl+MSBhRNyXgaBtb16SyX2W0uFL44k6BHDmohybJQSRXnjkI4jtA=="
      },
      "Microsoft.EntityFrameworkCore.Analyzers": {
        "type": "Transitive",
        "resolved": "9.0.20",
        "contentHash": "WCNEWRZGuYycp0vU9aAfEKGZOr7hGrJP4SpJkl2KzXzKqH9UY/2h6j2L3JYa/AZbKD7EffQGk09NmyEcml/OwQ=="
      },
      "Microsoft.EntityFrameworkCore.Relational": {
        "type": "Transitive",
        "resolved": "9.0.20",
        "contentHash": "84oLYJjAA8hSrwPfkq0cm9dBdf3uFbBwqJVYjmS4zEoKJ87cj/Knyp1iYAHe95ToJHeo8APAPG0OlA6S4GUUlw==",
        "dependencies": {
          "Microsoft.EntityFrameworkCore": "9.0.20",
          "Microsoft.Extensions.Caching.Memory": "9.0.20",
          "Microsoft.Extensions.Configuration.Abstractions": "9.0.20",
          "Microsoft.Extensions.Logging": "9.0.20"
        }
      },
      "Microsoft.EntityFrameworkCore.Sqlite": {
        "type": "Transitive",
        "resolved": "9.0.20",
        "contentHash": "iOYqUXpR8sXhw2Y4sPmEZokI1sXp4AN66FGMnSAxX8kzplrhq/h3VMQB2RP3RWV4Kmgh3YCbTHHK08DCc7d4MA==",
        "dependencies": {
          "Microsoft.EntityFrameworkCore.Sqlite.Core": "9.0.20",
          "Microsoft.Extensions.Caching.Memory": "9.0.20",
          "Microsoft.Extensions.Configuration.Abstractions": "9.0.20",
          "Microsoft.Extensions.DependencyModel": "9.0.20",
          "Microsoft.Extensions.Logging": "9.0.20",
          "SQLitePCLRaw.bundle_e_sqlite3": "2.1.12",
          "SQLitePCLRaw.core": "2.1.12",
          "System.Text.Json": "9.0.20"
        }
      },
      "Microsoft.EntityFrameworkCore.Sqlite.Core": {
        "type": "Transitive",
        "resolved": "9.0.20",
        "contentHash": "vyUXyy2OSAtzZaVSSU/oeE+k/lVj77gUw3PjX9ABHGOz9ySuWQCr5IL9TCc9XWNTmExrSa4uc/7NfOPPooNWMw==",
        "dependencies": {
          "Microsoft.Data.Sqlite.Core": "9.0.20",
          "Microsoft.EntityFrameworkCore.Relational": "9.0.20",
          "Microsoft.Extensions.Caching.Memory": "9.0.20",
          "Microsoft.Extensions.Configuration.Abstractions": "9.0.20",
          "Microsoft.Extensions.DependencyModel": "9.0.20",
          "Microsoft.Extensions.Logging": "9.0.20",
          "SQLitePCLRaw.core": "2.1.12",
          "System.Text.Json": "9.0.20"
        }
      },
      "Microsoft.Extensions.Caching.Abstractions": {
        "type": "Transitive",
        "resolved": "9.0.20",
        "contentHash": "OsNAsYqXXI6RlPKnQGqyxYkgtnPJ9gTv+rHjE1FqfyGgKAdZ7kQqR0IXNTYLDNfcWr024ZDw+wKvoljr2KVnwg==",
        "dependencies": {
          "Microsoft.Extensions.Primitives": "9.0.20"
        }
      },
      "Microsoft.Extensions.Caching.Memory": {
        "type": "Transitive",
        "resolved": "9.0.20",
        "contentHash": "/bUrdA5TTk17H36s1qBl5eBK1ZtVYkVw27rOpGU7tnSa/yzXG/VSacs6jvBhy4oypO7qo6PTzBqer+0VfJ9XJw==",
        "dependencies": {
          "Microsoft.Extensions.Caching.Abstractions": "9.0.20",
          "Microsoft.Extensions.DependencyInjection.Abstractions": "9.0.20",
          "Microsoft.Extensions.Logging.Abstractions": "9.0.20",
          "Microsoft.Extensions.Options": "9.0.20",
          "Microsoft.Extensions.Primitives": "9.0.20"
        }
      },
      "Microsoft.Extensions.Configuration": {
        "type": "Transitive",
        "resolved": "9.0.20",
        "contentHash": "KngvajKBObYRTaYSAAtmGFChsc9ulfOqbrWqO4pJ+n8yzxdlO3MxssiHpg+ivQjk9zF8h7n9xTwwZfCMebgw6A==",
        "dependencies": {
          "Microsoft.Extensions.Configuration.Abstractions": "9.0.20",
          "Microsoft.Extensions.Primitives": "9.0.20"
        }
      },
      "Microsoft.Extensions.Configuration.Abstractions": {
        "type": "Transitive",
        "resolved": "9.0.20",
        "contentHash": "wNR2jEXCTwMKXKi/iWvi3PfRaxtU2j3VmzYHsbVhllQTKRpr1HmHewdwkLhlYk/VatbqDmprW1+tN2O/BA5OKA==",
        "dependencies": {
          "Microsoft.Extensions.Primitives": "9.0.20"
        }
      },
      "Microsoft.Extensions.Configuration.Binder": {
        "type": "Transitive",
        "resolved": "9.0.20",
        "contentHash": "tDzDtqZeuDHsJETHjrT7uirC7hAdcmOC/Q9zhfqV7Ta9Jqc9NfvYSuDA0cM5yaSDyIvOTobfL18+aR8lQfbQxA==",
        "dependencies": {
          "Microsoft.Extensions.Configuration.Abstractions": "9.0.20"
        }
      },
      "Microsoft.Extensions.Configuration.CommandLine": {
        "type": "Transitive",
        "resolved": "9.0.20",
        "contentHash": "6dJGblGbeXeczWd4futDprjSnS/lPcuBq2/kL/vnOo/RTPNzT1AV1t7DnJZ2wV27ZkWuL90vU4td/MzJluk5Nw==",
        "dependencies": {
          "Microsoft.Extensions.Configuration": "9.0.20",
          "Microsoft.Extensions.Configuration.Abstractions": "9.0.20"
        }
      },
      "Microsoft.Extensions.Configuration.EnvironmentVariables": {
        "type": "Transitive",
        "resolved": "9.0.20",
        "contentHash": "hAwUwxzQrxWK0gdLDuuBWzYZvIQGOfoBm48lPkiP+jaXoUsDG1/cmqkv+En5+4uFia1FIBmv7F1b5jtRMm+GxA==",
        "dependencies": {
          "Microsoft.Extensions.Configuration": "9.0.20",
          "Microsoft.Extensions.Configuration.Abstractions": "9.0.20"
        }
      },
      "Microsoft.Extensions.Configuration.FileExtensions": {
        "type": "Transitive",
        "resolved": "9.0.20",
        "contentHash": "JptBm8cl5sCKXuXYubILRg0/UMPPR0H9HK/WZWyKEYgcj76s3vFWsq90mBp60fiWL6Wou7UxLfRzh+sOfs0T4A==",
        "dependencies": {
          "Microsoft.Extensions.Configuration": "9.0.20",
          "Microsoft.Extensions.Configuration.Abstractions": "9.0.20",
          "Microsoft.Extensions.FileProviders.Abstractions": "9.0.20",
          "Microsoft.Extensions.FileProviders.Physical": "9.0.20",
          "Microsoft.Extensions.Primitives": "9.0.20"
        }
      },
      "Microsoft.Extensions.Configuration.Json": {
        "type": "Transitive",
        "resolved": "9.0.20",
        "contentHash": "Iv77it+0et0cl2XIs/0KGrxmWQSzWcL2SG9yxUNNgdNaxwx70CPV+CgC6YiioFlJMaZgcs12fd0yltbdGorDng==",
        "dependencies": {
          "Microsoft.Extensions.Configuration": "9.0.20",
          "Microsoft.Extensions.Configuration.Abstractions": "9.0.20",
          "Microsoft.Extensions.Configuration.FileExtensions": "9.0.20",
          "Microsoft.Extensions.FileProviders.Abstractions": "9.0.20"
        }
      },
      "Microsoft.Extensions.Configuration.UserSecrets": {
        "type": "Transitive",
        "resolved": "9.0.20",
        "contentHash": "DVv0BRL09Zeln5N7yObUeXvsTjaO/aAqD8RO6bcuSHE0p4yfcrsjytxcvq4JJnSI3gLSsaevNhhhf+iqsJgSpw==",
        "dependencies": {
          "Microsoft.Extensions.Configuration.Abstractions": "9.0.20",
          "Microsoft.Extensions.Configuration.Json": "9.0.20",
          "Microsoft.Extensions.FileProviders.Abstractions": "9.0.20",
          "Microsoft.Extensions.FileProviders.Physical": "9.0.20"
        }
      },
      "Microsoft.Extensions.DependencyInjection": {
        "type": "Transitive",
        "resolved": "9.0.20",
        "contentHash": "SnnIHEHfbYGvd91ZNvYeJcQVSaICdSQWXficKuBkT0Jzfx34XsqZ9aHj0y/7a/eZWY05B3SI0dQA/gKfIVZgWw==",
        "dependencies": {
          "Microsoft.Extensions.DependencyInjection.Abstractions": "9.0.20"
        }
      },
      "Microsoft.Extensions.DependencyInjection.Abstractions": {
        "type": "Transitive",
        "resolved": "9.0.20",
        "contentHash": "EsRc4piTdI3Ti5+cZwdpxn+mHwDCqT+b9ecmgYTTttpHFkYDyc4CenRNC9LrU0A+lTYsbQE8EvWC6sNp1Op0YA=="
      },
      "Microsoft.Extensions.DependencyModel": {
        "type": "Transitive",
        "resolved": "9.0.20",
        "contentHash": "bhUlryY1AIFsB9kpR6/KMPWryLHoBPBpRSi79GQa4XVcYyW1PGA3Zi+rdu1wxJ5DWuA1Jr6DAVRgrgPnYOu8eg=="
      },
      "Microsoft.Extensions.Diagnostics": {
        "type": "Transitive",
        "resolved": "9.0.20",
        "contentHash": "YdXsx+7t0FQ/XvFKOBS5jRdR7qSvcIvuUGjQniIy0JVfvgNTpt9AAoRYOSTNrClEx2C5TgHNuMqB86tVUJUPqA==",
        "dependencies": {
          "Microsoft.Extensions.Configuration": "9.0.20",
          "Microsoft.Extensions.Diagnostics.Abstractions": "9.0.20",
          "Microsoft.Extensions.Options.ConfigurationExtensions": "9.0.20"
        }
      },
      "Microsoft.Extensions.Diagnostics.Abstractions": {
        "type": "Transitive",
        "resolved": "9.0.20",
        "contentHash": "C58l9QG+x+rXe8Af1hq78c4p5pPP4g8McBfqGsKuRSKbrzuv4RfXabKUbZj/3cjAqDNDzWWiJQ6VVdOjWtMQTA==",
        "dependencies": {
          "Microsoft.Extensions.DependencyInjection.Abstractions": "9.0.20",
          "Microsoft.Extensions.Options": "9.0.20"
        }
      },
      "Microsoft.Extensions.FileProviders.Abstractions": {
        "type": "Transitive",
        "resolved": "9.0.20",
        "contentHash": "lXph8HG8+ndo+qDKlxO9oQQlmwTWELWnO8Gs/LsTzzqMyonQAhOv366bDL4hyFL8nfI9sl2UWKBx87YIacZnSw==",
        "dependencies": {
          "Microsoft.Extensions.Primitives": "9.0.20"
        }
      },
      "Microsoft.Extensions.FileProviders.Physical": {
        "type": "Transitive",
        "resolved": "9.0.20",
        "contentHash": "VrZiE6waROECbzEJnDbpeEBV9ybD6J3NVAU1MEpD7WS3EnbMRw2sheyRkpK1b+8NDs/EsK7MfIEKvbFd2xk4yA==",
        "dependencies": {
          "Microsoft.Extensions.FileProviders.Abstractions": "9.0.20",
          "Microsoft.Extensions.FileSystemGlobbing": "9.0.20",
          "Microsoft.Extensions.Primitives": "9.0.20"
        }
      },
      "Microsoft.Extensions.FileSystemGlobbing": {
        "type": "Transitive",
        "resolved": "9.0.20",
        "contentHash": "86CswRTsFR2KD8TSBjafIhPFe09vEbNt+37ObC+TrF7p64UsfG3qwEATOgWmwdhKrfjrTt0siSoH6npLa2rKXw=="
      },
      "Microsoft.Extensions.Hosting": {
        "type": "Transitive",
        "resolved": "9.0.20",
        "contentHash": "yP1KcdKVFmZpDgHfYn3/lDaXUuxiE/GAYNziBCcWioWHBEUtpcoa20MtlxY/W/g696O49R64116lB42Y5FisPg==",
        "dependencies": {
          "Microsoft.Extensions.Configuration": "9.0.20",
          "Microsoft.Extensions.Configuration.Abstractions": "9.0.20",
          "Microsoft.Extensions.Configuration.Binder": "9.0.20",
          "Microsoft.Extensions.Configuration.CommandLine": "9.0.20",
          "Microsoft.Extensions.Configuration.EnvironmentVariables": "9.0.20",
          "Microsoft.Extensions.Configuration.FileExtensions": "9.0.20",
          "Microsoft.Extensions.Configuration.Json": "9.0.20",
          "Microsoft.Extensions.Configuration.UserSecrets": "9.0.20",
          "Microsoft.Extensions.DependencyInjection": "9.0.20",
          "Microsoft.Extensions.DependencyInjection.Abstractions": "9.0.20",
          "Microsoft.Extensions.Diagnostics": "9.0.20",
          "Microsoft.Extensions.FileProviders.Abstractions": "9.0.20",
          "Microsoft.Extensions.FileProviders.Physical": "9.0.20",
          "Microsoft.Extensions.Hosting.Abstractions": "9.0.20",
          "Microsoft.Extensions.Logging": "9.0.20",
          "Microsoft.Extensions.Logging.Abstractions": "9.0.20",
          "Microsoft.Extensions.Logging.Configuration": "9.0.20",
          "Microsoft.Extensions.Logging.Console": "9.0.20",
          "Microsoft.Extensions.Logging.Debug": "9.0.20",
          "Microsoft.Extensions.Logging.EventLog": "9.0.20",
          "Microsoft.Extensions.Logging.EventSource": "9.0.20",
          "Microsoft.Extensions.Options": "9.0.20"
        }
      },
      "Microsoft.Extensions.Hosting.Abstractions": {
        "type": "Transitive",
        "resolved": "9.0.20",
        "contentHash": "xl8nYsNJXvf/M+GKb0hD18vR+vb8Q4BR0egyYEFfG/yrbpqgeHuIaUkqRzNa3gfW1I58tEp4UyQMfp9238Gopw==",
        "dependencies": {
          "Microsoft.Extensions.Configuration.Abstractions": "9.0.20",
          "Microsoft.Extensions.DependencyInjection.Abstractions": "9.0.20",
          "Microsoft.Extensions.Diagnostics.Abstractions": "9.0.20",
          "Microsoft.Extensions.FileProviders.Abstractions": "9.0.20",
          "Microsoft.Extensions.Logging.Abstractions": "9.0.20"
        }
      },
      "Microsoft.Extensions.Logging": {
        "type": "Transitive",
        "resolved": "9.0.20",
        "contentHash": "EJXNsngA3CycEVzMwZXkjAMMF4mlh3T8M9UyyJXFjPNSpNtdeKsSWzXtFG2qyC9JIGWFd5r2XlgBXtOCw2JYzQ==",
        "dependencies": {
          "Microsoft.Extensions.DependencyInjection": "9.0.20",
          "Microsoft.Extensions.Logging.Abstractions": "9.0.20",
          "Microsoft.Extensions.Options": "9.0.20"
        }
      },
      "Microsoft.Extensions.Logging.Abstractions": {
        "type": "Transitive",
        "resolved": "9.0.20",
        "contentHash": "ZTbbB2mz0MxOMVQF7/yKhRD9ok6QR5Kq+Ifsk7XfdGC3zJTfMeJZeKR8/DfnlyvrlQnaWEmMkrnM8d1sBs3afA==",
        "dependencies": {
          "Microsoft.Extensions.DependencyInjection.Abstractions": "9.0.20"
        }
      },
      "Microsoft.Extensions.Logging.Configuration": {
        "type": "Transitive",
        "resolved": "9.0.20",
        "contentHash": "hOvAovs75qeBYYOLVIRA8BjiClv/ia6Q6plKY1teP4FkY21h0ps8uVZDG2vPvGv1GlbHTb+1dwaHIDoI+jccNA==",
        "dependencies": {
          "Microsoft.Extensions.Configuration": "9.0.20",
          "Microsoft.Extensions.Configuration.Abstractions": "9.0.20",
          "Microsoft.Extensions.Configuration.Binder": "9.0.20",
          "Microsoft.Extensions.DependencyInjection.Abstractions": "9.0.20",
          "Microsoft.Extensions.Logging": "9.0.20",
          "Microsoft.Extensions.Logging.Abstractions": "9.0.20",
          "Microsoft.Extensions.Options": "9.0.20",
          "Microsoft.Extensions.Options.ConfigurationExtensions": "9.0.20"
        }
      },
      "Microsoft.Extensions.Logging.Console": {
        "type": "Transitive",
        "resolved": "9.0.20",
        "contentHash": "3X1NachOJANJRZqNklWfIx4/sECV2PmKKPC53LRfN22K9IA+ijpvkEIqKs8TlH4haZ7LzH/xy0OvLpCJ4QTKWA==",
        "dependencies": {
          "Microsoft.Extensions.DependencyInjection.Abstractions": "9.0.20",
          "Microsoft.Extensions.Logging": "9.0.20",
          "Microsoft.Extensions.Logging.Abstractions": "9.0.20",
          "Microsoft.Extensions.Logging.Configuration": "9.0.20",
          "Microsoft.Extensions.Options": "9.0.20"
        }
      },
      "Microsoft.Extensions.Logging.Debug": {
        "type": "Transitive",
        "resolved": "9.0.20",
        "contentHash": "d7scUomt59Y3iqS3X4VNtkdRaZNb+tEv8mhVpMPUO1fUTQmdFz516Ifa7sB5aRbEzYr7KOEAQM2DN8A6T94i5w==",
        "dependencies": {
          "Microsoft.Extensions.DependencyInjection.Abstractions": "9.0.20",
          "Microsoft.Extensions.Logging": "9.0.20",
          "Microsoft.Extensions.Logging.Abstractions": "9.0.20"
        }
      },
      "Microsoft.Extensions.Logging.EventLog": {
        "type": "Transitive",
        "resolved": "9.0.20",
        "contentHash": "3FxNfeNfaCg3euVsrTaqUO4sDmKMgQABkDsmzLaOF/0d+JtShYhwPHmbve5rE2hEHQctS4x3b5MwSKCwRj71kA==",
        "dependencies": {
          "Microsoft.Extensions.DependencyInjection.Abstractions": "9.0.20",
          "Microsoft.Extensions.Logging": "9.0.20",
          "Microsoft.Extensions.Logging.Abstractions": "9.0.20",
          "Microsoft.Extensions.Options": "9.0.20",
          "System.Diagnostics.EventLog": "9.0.20"
        }
      },
      "Microsoft.Extensions.Logging.EventSource": {
        "type": "Transitive",
        "resolved": "9.0.20",
        "contentHash": "h4nNLCNVEo8Yq7lw0yxcrESW4cbB+QDvt0zspsf4radgvnd6O/7M/6RXfPqeBBzBJ8Us/C6Z/1hWSiHJ3/uWHA==",
        "dependencies": {
          "Microsoft.Extensions.DependencyInjection.Abstractions": "9.0.20",
          "Microsoft.Extensions.Logging": "9.0.20",
          "Microsoft.Extensions.Logging.Abstractions": "9.0.20",
          "Microsoft.Extensions.Options": "9.0.20",
          "Microsoft.Extensions.Primitives": "9.0.20"
        }
      },
      "Microsoft.Extensions.Options": {
        "type": "Transitive",
        "resolved": "9.0.20",
        "contentHash": "dX5P4j3++0g0iSlV+NhhPuCI/2moNbWvYEb8ZWlO84GEX1fbEg+hygNlHtw7SKHWaTe176ZrmvFsfhIMjB+AUQ==",
        "dependencies": {
          "Microsoft.Extensions.DependencyInjection.Abstractions": "9.0.20",
          "Microsoft.Extensions.Primitives": "9.0.20"
        }
      },
      "Microsoft.Extensions.Options.ConfigurationExtensions": {
        "type": "Transitive",
        "resolved": "9.0.20",
        "contentHash": "NucrCkZ/qOU3Nft6264b2WtaAjVEhOexwC9z02yIIbryvpWqg7Fv+Motr5Mk0UVvF9wD7lGRMD8xFyy1W25QTA==",
        "dependencies": {
          "Microsoft.Extensions.Configuration.Abstractions": "9.0.20",
          "Microsoft.Extensions.Configuration.Binder": "9.0.20",
          "Microsoft.Extensions.DependencyInjection.Abstractions": "9.0.20",
          "Microsoft.Extensions.Options": "9.0.20",
          "Microsoft.Extensions.Primitives": "9.0.20"
        }
      },
      "Microsoft.Extensions.Primitives": {
        "type": "Transitive",
        "resolved": "9.0.20",
        "contentHash": "F9PkV2d5cHwibxxgklXhXtvVgZlPCJ0rkuY+jpa34o3vdUr0DcGX7XQkZouWuoDSZoYF0gUydM778d0wNpwB+Q=="
      },
      "Microsoft.TestPlatform.ObjectModel": {
        "type": "Transitive",
        "resolved": "17.12.0",
        "contentHash": "TDqkTKLfQuAaPcEb3pDDWnh7b3SyZF+/W9OZvWFp6eJCIiiYFdSB6taE2I6tWrFw5ywhzOb6sreoGJTI6m3rSQ==",
        "dependencies": {
          "System.Reflection.Metadata": "1.6.0"
        }
      },
      "Microsoft.TestPlatform.TestHost": {
        "type": "Transitive",
        "resolved": "17.12.0",
        "contentHash": "MiPEJQNyADfwZ4pJNpQex+t9/jOClBGMiCiVVFuELCMSX2nmNfvUor3uFVxNNCg30uxDP8JDYfPnMXQzsfzYyg==",
        "dependencies": {
          "Microsoft.TestPlatform.ObjectModel": "17.12.0",
          "Newtonsoft.Json": "13.0.1"
        }
      },
      "MySqlConnector": {
        "type": "Transitive",
        "resolved": "2.6.2",
        "contentHash": "dlTc/tsBa42szdvpj4nrHvQVUb0gsMwR9HT6J0Zz2OSqfP0CdYlGw+qQPqCpbnO97idfvclSjKYtM6y5QaBQaQ==",
        "dependencies": {
          "Microsoft.Extensions.DependencyInjection.Abstractions": "8.0.2",
          "Microsoft.Extensions.Logging.Abstractions": "8.0.2"
        }
      },
      "Newtonsoft.Json": {
        "type": "Transitive",
        "resolved": "13.0.1",
        "contentHash": "ppPFpBcvxdsfUonNcvITKqLl3bqxWbDCZIzDWHzjpdAHRFfZe0Dw9HmA0+za13IdyrgJwpkDTDA9fHaxOrt20A=="
      },
      "SQLite": {
        "type": "Transitive",
        "resolved": "3.53.4",
        "contentHash": "KN7jeWqgUPeBRe1FlcpZURzxomuKKEKHmBBQfg+Nx7NkY1LjKhzHvH+3ASkNvhayESE34nMBinL9CV21JfPRJw=="
      },
      "SQLitePCLRaw.bundle_e_sqlite3": {
        "type": "Transitive",
        "resolved": "3.0.5",
        "contentHash": "SW8iASIyWMrLzqabUHYQRvALhvD4ylSBsj4PgEVGwc36kQjc9xT5kSV/XQ9rU7nIpBWD+LPyX3Hlw5FzyUzGeQ==",
        "dependencies": {
          "SQLite": "3.53.4",
          "SQLitePCLRaw.config.e_sqlite3": "3.0.5"
        }
      },
      "SQLitePCLRaw.config.e_sqlite3": {
        "type": "Transitive",
        "resolved": "3.0.5",
        "contentHash": "aSk8WE5tF2MybESMgtZAEyMVCAWA0nBqOMc48HFoa9UoSdtm3goDXVzNRnefeKIwE6bV9NaNXptn1F9ReMQI0Q==",
        "dependencies": {
          "SQLitePCLRaw.provider.e_sqlite3": "3.0.5"
        }
      },
      "SQLitePCLRaw.core": {
        "type": "Transitive",
        "resolved": "3.0.5",
        "contentHash": "k81AYXXRCw3Zj8rOhyBoCsx/U97KYDFI2CSKr/ijl5BwpsW/hX/4kBiDmerFaoust8nxBwa0IHQFw8MmSHRtnQ=="
      },
      "SQLitePCLRaw.provider.e_sqlite3": {
        "type": "Transitive",
        "resolved": "3.0.5",
        "contentHash": "um8YSWduhhuskTG2bHfZrBqMNQOydfU8pcseT+cu5RivOGyoUbCrGXxgoRNTmRYw2VbMWnEZVVFcneZT/5dsBg==",
        "dependencies": {
          "SQLitePCLRaw.core": "3.0.5"
        }
      },
      "System.Diagnostics.EventLog": {
        "type": "Transitive",
        "resolved": "9.0.20",
        "contentHash": "6RY8Q4rHntBO+WM5kuzoscreU+eKAVp4o5pyqoNUxfmqpH2PBP2jWfFMzbh+13oPwZbmXGIY8YaQbF6SP1DuIQ=="
      },
      "System.Reflection.Metadata": {
        "type": "Transitive",
        "resolved": "1.6.0",
        "contentHash": "COC1aiAJjCoA5GBF+QKL2uLqEBew4JsCkQmoHKbN3TlOZKa2fKLz5CpiRQKDz0RsAOEGsVKqOD5bomsXq/4STQ=="
      },
      "System.Text.Json": {
        "type": "Transitive",
        "resolved": "9.0.20",
        "contentHash": "BTRIxPnDLRAQLJI3Q7/ezyfJLp/KAi5k2NwGfAwrkiWPa/nS+bcVu2GX3dXt8jO5u8gcf2AJ04mIhvdtchDG9A=="
      },
      "xunit.abstractions": {
        "type": "Transitive",
        "resolved": "2.0.3",
        "contentHash": "pot1I4YOxlWjIb5jmwvvQNbTrZ3lJQ+jUGkGjWE3hEFM0l5gOnBWS+H3qsex68s5cO52g+44vpGzhAt+42vwKg=="
      },
      "xunit.analyzers": {
        "type": "Transitive",
        "resolved": "1.16.0",
        "contentHash": "hptYM7vGr46GUIgZt21YHO4rfuBAQS2eINbFo16CV/Dqq+24Tp+P5gDCACu1AbFfW4Sp/WRfDPSK8fmUUb8s0Q=="
      },
      "xunit.assert": {
        "type": "Transitive",
        "resolved": "2.9.2",
        "contentHash": "QkNBAQG4pa66cholm28AxijBjrmki98/vsEh4Sx5iplzotvPgpiotcxqJQMRC8d7RV7nIT8ozh97957hDnZwsQ=="
      },
      "xunit.core": {
        "type": "Transitive",
        "resolved": "2.9.2",
        "contentHash": "O6RrNSdmZ0xgEn5kT927PNwog5vxTtKrWMihhhrT0Sg9jQ7iBDciYOwzBgP2krBEk5/GBXI18R1lKvmnxGcb4w==",
        "dependencies": {
          "xunit.extensibility.core": "[2.9.2]",
          "xunit.extensibility.execution": "[2.9.2]"
        }
      },
      "xunit.extensibility.core": {
        "type": "Transitive",
        "resolved": "2.9.2",
        "contentHash": "Ol+KlBJz1x8BrdnhN2DeOuLrr1I/cTwtHCggL9BvYqFuVd/TUSzxNT5O0NxCIXth30bsKxgMfdqLTcORtM52yQ==",
        "dependencies": {
          "xunit.abstractions": "2.0.3"
        }
      },
      "xunit.extensibility.execution": {
        "type": "Transitive",
        "resolved": "2.9.2",
        "contentHash": "rKMpq4GsIUIJibXuZoZ8lYp5EpROlnYaRpwu9Zr0sRZXE7JqJfEEbCsUriZqB+ByXCLFBJyjkTRULMdC+U566g==",
        "dependencies": {
          "xunit.extensibility.core": "[2.9.2]"
        }
      },
      "dbweb.api": {
        "type": "Project",
        "dependencies": {
          "Microsoft.EntityFrameworkCore.Sqlite": "[9.0.20, )",
          "MySqlConnector": "[2.6.2, )",
          "SQLitePCLRaw.bundle_e_sqlite3": "[3.0.5, )"
        }
      }
    }
  }
}